<?xml version="1.0" encoding="utf-8"?>
<Project ToolsVersion="4.0" xmlns="http://schemas.microsoft.com/developer/msbuild/2003">
  <ItemGroup>
    <Filter Include="Source Files">
      <UniqueIdentifier>{4FC737F1-C7A5-4376-A066-2A32D752A2FF}</UniqueIdentifier>
      <Extensions>cpp;c;cc;cxx;c++;cppm;ixx;def;odl;idl;hpj;bat;asm;asmx</Extensions>
    </Filter>
    <Filter Include="Header Files">
      <UniqueIdentifier>{93995380-89BD-4b04-88EB-625FBE52EBFB}</UniqueIdentifier>
      <Extensions>h;hh;hpp;hxx;h++;hm;inl;inc;ipp;xsd</Extensions>
    </Filter>
    <Filter Include="Resource Files">
      <UniqueIdentifier>{67DA6AB6-F800-4c08-8B7A-83BB121AAD01}</UniqueIdentifier>
      <Extensions>rc;ico;cur;bmp;dlg;rc2;rct;bin;rgs;gif;jpg;jpeg;jpe;resx;tiff;tif;png;wav;mfcribbon-ms</Extensions>
    </Filter>
  </ItemGroup>
  <ItemGroup>
    <ClInclude Include="Boring32\Async\Pipes\AnonymousPipe.hpp">
      <Filter>Header Files</Filter>
    </ClInclude>
    <ClInclude Include="Boring32\Async\Pipes\BlockingNamedPipeClient.hpp">
      <Filter>Header Files</Filter>
    </ClInclude>
    <ClInclude Include="Boring32\Async\Pipes\BlockingNamedPipeServer.hpp">
      <Filter>Header Files</Filter>
    </ClInclude>
    <ClInclude Include="Boring32\Async\Pipes\NamedPipeClientBase.hpp">
      <Filter>Header Files</Filter>
    </ClInclude>
    <ClInclude Include="Boring32\Async\Pipes\NamedPipeServerBase.hpp">
      <Filter>Header Files</Filter>
    </ClInclude>
    <ClInclude Include="Boring32\Async\Pipes\OverlappedNamedPipeClient.hpp">
      <Filter>Header Files</Filter>
    </ClInclude>
    <ClInclude Include="Boring32\Async\Pipes\OverlappedNamedPipeServer.hpp">
      <Filter>Header Files</Filter>
    </ClInclude>
    <ClInclude Include="Boring32\Async\Pipes\Pipes.hpp">
      <Filter>Header Files</Filter>
    </ClInclude>
    <ClInclude Include="Boring32\Async\Async.hpp">
      <Filter>Header Files</Filter>
    </ClInclude>
    <ClInclude Include="Boring32\Async\CriticalSectionLock.hpp">
      <Filter>Header Files</Filter>
    </ClInclude>
    <ClInclude Include="Boring32\Async\Event.hpp">
      <Filter>Header Files</Filter>
    </ClInclude>
    <ClInclude Include="Boring32\Async\Job.hpp">
      <Filter>Header Files</Filter>
    </ClInclude>
    <ClInclude Include="Boring32\Async\MemoryMappedFile.hpp">
      <Filter>Header Files</Filter>
    </ClInclude>
    <ClInclude Include="Boring32\Async\MemoryMappedView.hpp">
      <Filter>Header Files</Filter>
    </ClInclude>
    <ClInclude Include="Boring32\Async\Mutex.hpp">
      <Filter>Header Files</Filter>
    </ClInclude>
    <ClInclude Include="Boring32\Async\OverlappedIo.hpp">
      <Filter>Header Files</Filter>
    </ClInclude>
    <ClInclude Include="Boring32\Async\OverlappedOp.hpp">
      <Filter>Header Files</Filter>
    </ClInclude>
    <ClInclude Include="Boring32\Async\Process.hpp">
      <Filter>Header Files</Filter>
    </ClInclude>
    <ClInclude Include="Boring32\Async\ProcessInfo.hpp">
      <Filter>Header Files</Filter>
    </ClInclude>
    <ClInclude Include="Boring32\Async\Semaphore.hpp">
      <Filter>Header Files</Filter>
    </ClInclude>
    <ClInclude Include="Boring32\Async\SlimReadWriteLock.hpp">
      <Filter>Header Files</Filter>
    </ClInclude>
    <ClInclude Include="Boring32\Async\SynchronizationBarrier.hpp">
      <Filter>Header Files</Filter>
    </ClInclude>
    <ClInclude Include="Boring32\Async\Thread.hpp">
      <Filter>Header Files</Filter>
    </ClInclude>
    <ClInclude Include="Boring32\Async\ThreadPool.hpp">
      <Filter>Header Files</Filter>
    </ClInclude>
    <ClInclude Include="Boring32\Async\ThreadSafeVector.hpp">
      <Filter>Header Files</Filter>
    </ClInclude>
    <ClInclude Include="Boring32\Async\ThreadStatus.hpp">
      <Filter>Header Files</Filter>
    </ClInclude>
    <ClInclude Include="Boring32\Async\TimerQueue.hpp">
      <Filter>Header Files</Filter>
    </ClInclude>
    <ClInclude Include="Boring32\Async\TimerQueueTimer.hpp">
      <Filter>Header Files</Filter>
    </ClInclude>
    <ClInclude Include="Boring32\Async\TimerQueueTimerCallback.hpp">
      <Filter>Header Files</Filter>
    </ClInclude>
    <ClInclude Include="Boring32\Async\WaitableTimer.hpp">
      <Filter>Header Files</Filter>
    </ClInclude>
    <ClInclude Include="Boring32\Com\ComThreadScope.hpp">
      <Filter>Header Files</Filter>
    </ClInclude>
    <ClInclude Include="Boring32\Compression\Compression.hpp">
      <Filter>Header Files</Filter>
    </ClInclude>
    <ClInclude Include="Boring32\Compression\CompressionType.hpp">
      <Filter>Header Files</Filter>
    </ClInclude>
    <ClInclude Include="Boring32\Compression\Compressor.hpp">
      <Filter>Header Files</Filter>
    </ClInclude>
    <ClInclude Include="Boring32\Compression\Decompressor.hpp">
      <Filter>Header Files</Filter>
    </ClInclude>
    <ClInclude Include="Boring32\Error\ComError.hpp">
      <Filter>Header Files</Filter>
    </ClInclude>
    <ClInclude Include="Boring32\Error\Error.hpp">
      <Filter>Header Files</Filter>
    </ClInclude>
    <ClInclude Include="Boring32\Error\Win32Error.hpp">
      <Filter>Header Files</Filter>
    </ClInclude>
    <ClInclude Include="Boring32\Guid\Guid.hpp">
      <Filter>Header Files</Filter>
    </ClInclude>
    <ClInclude Include="Boring32\Library\Library.hpp">
      <Filter>Header Files</Filter>
    </ClInclude>
    <ClInclude Include="Boring32\Raii\Raii.hpp">
      <Filter>Header Files</Filter>
    </ClInclude>
    <ClInclude Include="Boring32\Raii\Sid.hpp">
      <Filter>Header Files</Filter>
    </ClInclude>
    <ClInclude Include="Boring32\Raii\Win32Handle.hpp">
      <Filter>Header Files</Filter>
    </ClInclude>
    <ClInclude Include="Boring32\Registry\Registry.hpp">
      <Filter>Header Files</Filter>
    </ClInclude>
    <ClInclude Include="Boring32\Security\Crypto\Crypto.hpp">
      <Filter>Header Files</Filter>
    </ClInclude>
    <ClInclude Include="Boring32\Security\PrivateNamespace.hpp">
      <Filter>Header Files</Filter>
    </ClInclude>
    <ClInclude Include="Boring32\Security\Security.hpp">
      <Filter>Header Files</Filter>
    </ClInclude>
    <ClInclude Include="Boring32\Strings\Strings.hpp">
      <Filter>Header Files</Filter>
    </ClInclude>
    <ClInclude Include="Boring32\Time\Time.hpp">
      <Filter>Header Files</Filter>
    </ClInclude>
    <ClInclude Include="Boring32\Util\Util.hpp">
      <Filter>Header Files</Filter>
    </ClInclude>
    <ClInclude Include="Boring32\WinHttp\WebSockets\WebSocket.hpp">
      <Filter>Header Files</Filter>
    </ClInclude>
    <ClInclude Include="Boring32\WinHttp\WebSockets\WebSocketSettings.hpp">
      <Filter>Header Files</Filter>
    </ClInclude>
    <ClInclude Include="Boring32\WinHttp\WebSockets\WebSocketStatus.hpp">
      <Filter>Header Files</Filter>
    </ClInclude>
    <ClInclude Include="Boring32\WinHttp\HttpRequestResult.hpp">
      <Filter>Header Files</Filter>
    </ClInclude>
    <ClInclude Include="Boring32\WinHttp\HttpWebClient.hpp">
      <Filter>Header Files</Filter>
    </ClInclude>
    <ClInclude Include="Boring32\WinHttp\ProxyInfo.hpp">
      <Filter>Header Files</Filter>
    </ClInclude>
    <ClInclude Include="Boring32\WinHttp\WinHttp.hpp">
      <Filter>Header Files</Filter>
    </ClInclude>
    <ClInclude Include="Boring32\WinHttp\WinHttpHandle.hpp">
      <Filter>Header Files</Filter>
    </ClInclude>
    <ClInclude Include="Boring32\Wmi\Wmi.hpp">
      <Filter>Header Files</Filter>
    </ClInclude>
    <ClInclude Include="Boring32\Boring32.hpp">
      <Filter>Header Files</Filter>
    </ClInclude>
  </ItemGroup>
</Project>