
Microsoft Visual Studio Solution File, Format Version 12.00
# Visual Studio Version 17
VisualStudioVersion = 17.0.31919.166
MinimumVisualStudioVersion = 10.0.40219.1
Project("{2150E333-8FDC-42A3-9474-1A3956D46DE8}") = "GUI (legacy)", "GUI (legacy)", "{37F8EB19-E832-4D58-9FFA-2C76A0EF06B9}"
EndProject
Project("{8BC9CEB8-8B4A-11D0-8D11-00A0C91BC942}") = "Onyx32.Gui.Legacy", "Onyx32.Gui.Legacy\Onyx32.Gui\Onyx.Gui.vcxproj", "{558C2ADA-F073-451A-83C4-42173A23BCD6}"
EndProject
Project("{8BC9CEB8-8B4A-11D0-8D11-00A0C91BC942}") = "Onyx32.Gui.Legacy.Tests", "Onyx32.Gui.Legacy\Onyx32.Gui.Tests\Onyx32.Gui.Tests.vcxproj", "{CAD1CE7C-D26A-49C3-8D32-54C87AEDDC12}"
EndProject
Project("{2150E333-8FDC-42A3-9474-1A3956D46DE8}") = "GUI", "GUI", "{B7EE87E7-4BE7-47FD-8B51-22F83E27AF82}"
EndProject
Project("{8BC9CEB8-8B4A-11D0-8D11-00A0C91BC942}") = "Onyx32.GUI", "Onyx32.GUI\Onyx32.GUI.vcxproj", "{0AC5A2EB-B6D9-4896-B3E9-BAF051314C00}"
EndProject
Project("{8BC9CEB8-8B4A-11D0-8D11-00A0C91BC942}") = "Onyx32.GUI.Tests", "Onyx32.GUI.Tests\Onyx32.GUI.Tests.vcxproj", "{AA1766C0-411F-468D-9822-A7D988CDEC79}"
EndProject
Global
	GlobalSection(SolutionConfigurationPlatforms) = preSolution
		Debug|x64 = Debug|x64
		Debug|x86 = Debug|x86
		Release|x64 = Release|x64
		Release|x86 = Release|x86
	EndGlobalSection
	GlobalSection(ProjectConfigurationPlatforms) = postSolution
		{558C2ADA-F073-451A-83C4-42173A23BCD6}.Debug|x64.ActiveCfg = Debug|x64
		{558C2ADA-F073-451A-83C4-42173A23BCD6}.Debug|x64.Build.0 = Debug|x64
		{558C2ADA-F073-451A-83C4-42173A23BCD6}.Debug|x86.ActiveCfg = Debug|Win32
		{558C2ADA-F073-451A-83C4-42173A23BCD6}.Debug|x86.Build.0 = Debug|Win32
		{558C2ADA-F073-451A-83C4-42173A23BCD6}.Release|x64.ActiveCfg = Release|x64
		{558C2ADA-F073-451A-83C4-42173A23BCD6}.Release|x64.Build.0 = Release|x64
		{558C2ADA-F073-451A-83C4-42173A23BCD6}.Release|x86.ActiveCfg = Release|Win32
		{558C2ADA-F073-451A-83C4-42173A23BCD6}.Release|x86.Build.0 = Release|Win32
		{CAD1CE7C-D26A-49C3-8D32-54C87AEDDC12}.Debug|x64.ActiveCfg = Debug|x64
		{CAD1CE7C-D26A-49C3-8D32-54C87AEDDC12}.Debug|x64.Build.0 = Debug|x64
		{CAD1CE7C-D26A-49C3-8D32-54C87AEDDC12}.Debug|x86.ActiveCfg = Debug|Win32
		{CAD1CE7C-D26A-49C3-8D32-54C87AEDDC12}.Debug|x86.Build.0 = Debug|Win32
		{CAD1CE7C-D26A-49C3-8D32-54C87AEDDC12}.Release|x64.ActiveCfg = Release|x64
		{CAD1CE7C-D26A-49C3-8D32-54C87AEDDC12}.Release|x64.Build.0 = Release|x64
		{CAD1CE7C-D26A-49C3-8D32-54C87AEDDC12}.Release|x86.ActiveCfg = Release|Win32
		{CAD1CE7C-D26A-49C3-8D32-54C87AEDDC12}.Release|x86.Build.0 = Release|Win32
		{0AC5A2EB-B6D9-4896-B3E9-BAF051314C00}.Debug|x64.ActiveCfg = Debug|x64
		{0AC5A2EB-B6D9-4896-B3E9-BAF051314C00}.Debug|x64.Build.0 = Debug|x64
		{0AC5A2EB-B6D9-4896-B3E9-BAF051314C00}.Debug|x86.ActiveCfg = Debug|Win32
		{0AC5A2EB-B6D9-4896-B3E9-BAF051314C00}.Debug|x86.Build.0 = Debug|Win32
		{0AC5A2EB-B6D9-4896-B3E9-BAF051314C00}.Release|x64.ActiveCfg = Release|x64
		{0AC5A2EB-B6D9-4896-B3E9-BAF051314C00}.Release|x64.Build.0 = Release|x64
		{0AC5A2EB-B6D9-4896-B3E9-BAF051314C00}.Release|x86.ActiveCfg = Release|Win32
		{0AC5A2EB-B6D9-4896-B3E9-BAF051314C00}.Release|x86.Build.0 = Release|Win32
		{AA1766C0-411F-468D-9822-A7D988CDEC79}.Debug|x64.ActiveCfg = Debug|x64
		{AA1766C0-411F-468D-9822-A7D988CDEC79}.Debug|x64.Build.0 = Debug|x64
		{AA1766C0-411F-468D-9822-A7D988CDEC79}.Debug|x86.ActiveCfg = Debug|Win32
		{AA1766C0-411F-468D-9822-A7D988CDEC79}.Debug|x86.Build.0 = Debug|Win32
		{AA1766C0-411F-468D-9822-A7D988CDEC79}.Release|x64.ActiveCfg = Release|x64
		{AA1766C0-411F-468D-9822-A7D988CDEC79}.Release|x64.Build.0 = Release|x64
		{AA1766C0-411F-468D-9822-A7D988CDEC79}.Release|x86.ActiveCfg = Release|Win32
		{AA1766C0-411F-468D-9822-A7D988CDEC79}.Release|x86.Build.0 = Release|Win32
	EndGlobalSection
	GlobalSection(SolutionProperties) = preSolution
		HideSolutionNode = FALSE
	EndGlobalSection
	GlobalSection(NestedProjects) = preSolution
		{558C2ADA-F073-451A-83C4-42173A23BCD6} = {37F8EB19-E832-4D58-9FFA-2C76A0EF06B9}
		{CAD1CE7C-D26A-49C3-8D32-54C87AEDDC12} = {37F8EB19-E832-4D58-9FFA-2C76A0EF06B9}
		{0AC5A2EB-B6D9-4896-B3E9-BAF051314C00} = {B7EE87E7-4BE7-47FD-8B51-22F83E27AF82}
		{AA1766C0-411F-468D-9822-A7D988CDEC79} = {B7EE87E7-4BE7-47FD-8B51-22F83E27AF82}
	EndGlobalSection
	GlobalSection(ExtensibilityGlobals) = postSolution
		SolutionGuid = {03A20EAF-7F9E-464F-8FE4-6CDCB6489165}
	EndGlobalSection
EndGlobal
